
Microsoft Visual Studio Solution File, Format Version 12.00
# Visual Studio Version 17
VisualStudioVersion = 17.4.33122.133
MinimumVisualStudioVersion = 10.0.40219.1
Project("{FAE04EC0-301F-11D3-BF4B-00C04F79EFBC}") = "ReflectionDemo", "ReflectionDemo\ReflectionDemo.csproj", "{05256883-559D-424A-893C-714C8297419C}"
EndProject
Global
	GlobalSection(SolutionConfigurationPlatforms) = preSolution
		Debug|Any CPU = Debug|Any CPU
		Release|Any CPU = Release|Any CPU
	EndGlobalSection
	GlobalSection(ProjectConfigurationPlatforms) = postSolution
		{05256883-559D-424A-893C-714C8297419C}.Debug|Any CPU.ActiveCfg = Debug|Any CPU
		{05256883-559D-424A-893C-714C8297419C}.Debug|Any CPU.Build.0 = Debug|Any CPU
		{05256883-559D-424A-893C-714C8297419C}.Release|Any CPU.ActiveCfg = Release|Any CPU
		{05256883-559D-424A-893C-714C8297419C}.Release|Any CPU.Build.0 = Release|Any CPU
	EndGlobalSection
	GlobalSection(SolutionProperties) = preSolution
		HideSolutionNode = FALSE
	EndGlobalSection
	GlobalSection(ExtensibilityGlobals) = postSolution
		SolutionGuid = {4D4206F0-3897-4DF6-97F8-3F2021B34CFB}
	EndGlobalSection
EndGlobal
